
Microsoft Visual Studio Solution File, Format Version 12.00
# Visual Studio 2013
VisualStudioVersion = 12.0.40629.0
MinimumVisualStudioVersion = 10.0.40219.1
Project("{FAE04EC0-301F-11D3-BF4B-00C04F79EFBC}") = "SetuDTF", "SetuRani\SetuDTF.csproj", "{B89E5DE7-52A8-4C9A-B385-EC5E4DF18FCD}"
EndProject
Global
	GlobalSection(SolutionConfigurationPlatforms) = preSolution
		Debug|Any CPU = Debug|Any CPU
		Release|Any CPU = Release|Any CPU
	EndGlobalSection
	GlobalSection(ProjectConfigurationPlatforms) = postSolution
		{B89E5DE7-52A8-4C9A-B385-EC5E4DF18FCD}.Debug|Any CPU.ActiveCfg = Debug|Any CPU
		{B89E5DE7-52A8-4C9A-B385-EC5E4DF18FCD}.Debug|Any CPU.Build.0 = Debug|Any CPU
		{B89E5DE7-52A8-4C9A-B385-EC5E4DF18FCD}.Release|Any CPU.ActiveCfg = Release|Any CPU
		{B89E5DE7-52A8-4C9A-B385-EC5E4DF18FCD}.Release|Any CPU.Build.0 = Release|Any CPU
	EndGlobalSection
	GlobalSection(SolutionProperties) = preSolution
		HideSolutionNode = FALSE
	EndGlobalSection
EndGlobal
